
Microsoft Visual Studio Solution File, Format Version 12.00
# Visual Studio Version 16
VisualStudioVersion = 16.0.29411.108
MinimumVisualStudioVersion = 10.0.40219.1
Project("{8BC9CEB8-8B4A-11D0-8D11-00A0C91BC942}") = "Game Life", "Game Life\Game Life.vcxproj", "{139D635F-6270-4F48-8A10-50629F6F788C}"
EndProject
Global
	GlobalSection(SolutionConfigurationPlatforms) = preSolution
		Debug|x64 = Debug|x64
		Debug|x86 = Debug|x86
		Release|x64 = Release|x64
		Release|x86 = Release|x86
	EndGlobalSection
	GlobalSection(ProjectConfigurationPlatforms) = postSolution
		{139D635F-6270-4F48-8A10-50629F6F788C}.Debug|x64.ActiveCfg = Debug|x64
		{139D635F-6270-4F48-8A10-50629F6F788C}.Debug|x64.Build.0 = Debug|x64
		{139D635F-6270-4F48-8A10-50629F6F788C}.Debug|x86.ActiveCfg = Debug|Win32
		{139D635F-6270-4F48-8A10-50629F6F788C}.Debug|x86.Build.0 = Debug|Win32
		{139D635F-6270-4F48-8A10-50629F6F788C}.Release|x64.ActiveCfg = Release|x64
		{139D635F-6270-4F48-8A10-50629F6F788C}.Release|x64.Build.0 = Release|x64
		{139D635F-6270-4F48-8A10-50629F6F788C}.Release|x86.ActiveCfg = Release|Win32
		{139D635F-6270-4F48-8A10-50629F6F788C}.Release|x86.Build.0 = Release|Win32
	EndGlobalSection
	GlobalSection(SolutionProperties) = preSolution
		HideSolutionNode = FALSE
	EndGlobalSection
	GlobalSection(ExtensibilityGlobals) = postSolution
		SolutionGuid = {35AE9498-D5C7-47B6-86BB-3A9BF7DF4ED1}
	EndGlobalSection
EndGlobal
