
Microsoft Visual Studio Solution File, Format Version 12.00
# Visual Studio Version 16
VisualStudioVersion = 16.0.29411.108
MinimumVisualStudioVersion = 10.0.40219.1
Project("{8BC9CEB8-8B4A-11D0-8D11-00A0C91BC942}") = "Lab1.1", "Lab1.1\Lab1.1.vcxproj", "{672A6813-42D4-450D-90CE-A638714D6767}"
EndProject
Project("{8BC9CEB8-8B4A-11D0-8D11-00A0C91BC942}") = "Lab1.2", "Lab1.2\Lab1.2.vcxproj", "{9BF37ED7-5C66-43CA-AE9D-B8B5BE6ACF1A}"
EndProject
Project("{8BC9CEB8-8B4A-11D0-8D11-00A0C91BC942}") = "Lab1.3", "Lab1.3\Lab1.3.vcxproj", "{C1B4FA88-1AC2-4EFA-A16E-14112E9CB1A3}"
EndProject
Project("{8BC9CEB8-8B4A-11D0-8D11-00A0C91BC942}") = "Lab1.4", "Lab1.4\Lab1.4.vcxproj", "{220FB5B7-E8C6-4869-BA95-6691965B5106}"
EndProject
Project("{8BC9CEB8-8B4A-11D0-8D11-00A0C91BC942}") = "Lab1.5", "Lab1.5\Lab1.5.vcxproj", "{9BBB3BD4-8230-4B83-883F-9A54118BEF45}"
EndProject
Global
	GlobalSection(SolutionConfigurationPlatforms) = preSolution
		Debug|x64 = Debug|x64
		Debug|x86 = Debug|x86
		Release|x64 = Release|x64
		Release|x86 = Release|x86
	EndGlobalSection
	GlobalSection(ProjectConfigurationPlatforms) = postSolution
		{672A6813-42D4-450D-90CE-A638714D6767}.Debug|x64.ActiveCfg = Debug|x64
		{672A6813-42D4-450D-90CE-A638714D6767}.Debug|x64.Build.0 = Debug|x64
		{672A6813-42D4-450D-90CE-A638714D6767}.Debug|x86.ActiveCfg = Debug|Win32
		{672A6813-42D4-450D-90CE-A638714D6767}.Debug|x86.Build.0 = Debug|Win32
		{672A6813-42D4-450D-90CE-A638714D6767}.Release|x64.ActiveCfg = Release|x64
		{672A6813-42D4-450D-90CE-A638714D6767}.Release|x64.Build.0 = Release|x64
		{672A6813-42D4-450D-90CE-A638714D6767}.Release|x86.ActiveCfg = Release|Win32
		{672A6813-42D4-450D-90CE-A638714D6767}.Release|x86.Build.0 = Release|Win32
		{9BF37ED7-5C66-43CA-AE9D-B8B5BE6ACF1A}.Debug|x64.ActiveCfg = Debug|x64
		{9BF37ED7-5C66-43CA-AE9D-B8B5BE6ACF1A}.Debug|x64.Build.0 = Debug|x64
		{9BF37ED7-5C66-43CA-AE9D-B8B5BE6ACF1A}.Debug|x86.ActiveCfg = Debug|Win32
		{9BF37ED7-5C66-43CA-AE9D-B8B5BE6ACF1A}.Debug|x86.Build.0 = Debug|Win32
		{9BF37ED7-5C66-43CA-AE9D-B8B5BE6ACF1A}.Release|x64.ActiveCfg = Release|x64
		{9BF37ED7-5C66-43CA-AE9D-B8B5BE6ACF1A}.Release|x64.Build.0 = Release|x64
		{9BF37ED7-5C66-43CA-AE9D-B8B5BE6ACF1A}.Release|x86.ActiveCfg = Release|Win32
		{9BF37ED7-5C66-43CA-AE9D-B8B5BE6ACF1A}.Release|x86.Build.0 = Release|Win32
		{C1B4FA88-1AC2-4EFA-A16E-14112E9CB1A3}.Debug|x64.ActiveCfg = Debug|x64
		{C1B4FA88-1AC2-4EFA-A16E-14112E9CB1A3}.Debug|x64.Build.0 = Debug|x64
		{C1B4FA88-1AC2-4EFA-A16E-14112E9CB1A3}.Debug|x86.ActiveCfg = Debug|Win32
		{C1B4FA88-1AC2-4EFA-A16E-14112E9CB1A3}.Debug|x86.Build.0 = Debug|Win32
		{C1B4FA88-1AC2-4EFA-A16E-14112E9CB1A3}.Release|x64.ActiveCfg = Release|x64
		{C1B4FA88-1AC2-4EFA-A16E-14112E9CB1A3}.Release|x64.Build.0 = Release|x64
		{C1B4FA88-1AC2-4EFA-A16E-14112E9CB1A3}.Release|x86.ActiveCfg = Release|Win32
		{C1B4FA88-1AC2-4EFA-A16E-14112E9CB1A3}.Release|x86.Build.0 = Release|Win32
		{220FB5B7-E8C6-4869-BA95-6691965B5106}.Debug|x64.ActiveCfg = Debug|x64
		{220FB5B7-E8C6-4869-BA95-6691965B5106}.Debug|x64.Build.0 = Debug|x64
		{220FB5B7-E8C6-4869-BA95-6691965B5106}.Debug|x86.ActiveCfg = Debug|Win32
		{220FB5B7-E8C6-4869-BA95-6691965B5106}.Debug|x86.Build.0 = Debug|Win32
		{220FB5B7-E8C6-4869-BA95-6691965B5106}.Release|x64.ActiveCfg = Release|x64
		{220FB5B7-E8C6-4869-BA95-6691965B5106}.Release|x64.Build.0 = Release|x64
		{220FB5B7-E8C6-4869-BA95-6691965B5106}.Release|x86.ActiveCfg = Release|Win32
		{220FB5B7-E8C6-4869-BA95-6691965B5106}.Release|x86.Build.0 = Release|Win32
		{9BBB3BD4-8230-4B83-883F-9A54118BEF45}.Debug|x64.ActiveCfg = Debug|x64
		{9BBB3BD4-8230-4B83-883F-9A54118BEF45}.Debug|x64.Build.0 = Debug|x64
		{9BBB3BD4-8230-4B83-883F-9A54118BEF45}.Debug|x86.ActiveCfg = Debug|Win32
		{9BBB3BD4-8230-4B83-883F-9A54118BEF45}.Debug|x86.Build.0 = Debug|Win32
		{9BBB3BD4-8230-4B83-883F-9A54118BEF45}.Release|x64.ActiveCfg = Release|x64
		{9BBB3BD4-8230-4B83-883F-9A54118BEF45}.Release|x64.Build.0 = Release|x64
		{9BBB3BD4-8230-4B83-883F-9A54118BEF45}.Release|x86.ActiveCfg = Release|Win32
		{9BBB3BD4-8230-4B83-883F-9A54118BEF45}.Release|x86.Build.0 = Release|Win32
	EndGlobalSection
	GlobalSection(SolutionProperties) = preSolution
		HideSolutionNode = FALSE
	EndGlobalSection
	GlobalSection(ExtensibilityGlobals) = postSolution
		SolutionGuid = {9EA0DD15-9C27-4D8D-8A6D-B337FBB85927}
	EndGlobalSection
EndGlobal
