
Microsoft Visual Studio Solution File, Format Version 12.00
# Visual Studio Version 16
VisualStudioVersion = 16.0.29411.108
MinimumVisualStudioVersion = 10.0.40219.1
Project("{8BC9CEB8-8B4A-11D0-8D11-00A0C91BC942}") = "Lab21.1", "Lab21.1\Lab21.1.vcxproj", "{3C4EF34A-7906-46F0-AFC4-6140C489BF3D}"
EndProject
Project("{8BC9CEB8-8B4A-11D0-8D11-00A0C91BC942}") = "Lab21.2", "Lab21.2\Lab21.2.vcxproj", "{AFD6CB5C-47EE-4623-8AC1-58AEB3F4A062}"
EndProject
Project("{8BC9CEB8-8B4A-11D0-8D11-00A0C91BC942}") = "Lab21.3", "Lab21.3\Lab21.3.vcxproj", "{85D9B201-79F6-46D7-8D14-6738B572A555}"
EndProject
Project("{8BC9CEB8-8B4A-11D0-8D11-00A0C91BC942}") = "Lab21.4", "Lab21.4\Lab21.4.vcxproj", "{E33FD6AF-F79D-495A-B128-1F15EFDE1C98}"
EndProject
Project("{8BC9CEB8-8B4A-11D0-8D11-00A0C91BC942}") = "Lab21.5", "Lab21.5\Lab21.5.vcxproj", "{241444F3-07AF-4E05-801F-256FBC08519A}"
EndProject
Project("{8BC9CEB8-8B4A-11D0-8D11-00A0C91BC942}") = "Lab21.6", "Lab21.6\Lab21.6.vcxproj", "{9B18A2C7-7DCD-4D4A-A254-65D8023CA2A6}"
EndProject
Project("{8BC9CEB8-8B4A-11D0-8D11-00A0C91BC942}") = "21.7", "21.7\21.7.vcxproj", "{F139ECFD-ABBF-4A29-B8D3-DF53006C0391}"
EndProject
Global
	GlobalSection(SolutionConfigurationPlatforms) = preSolution
		Debug|x64 = Debug|x64
		Debug|x86 = Debug|x86
		Release|x64 = Release|x64
		Release|x86 = Release|x86
	EndGlobalSection
	GlobalSection(ProjectConfigurationPlatforms) = postSolution
		{3C4EF34A-7906-46F0-AFC4-6140C489BF3D}.Debug|x64.ActiveCfg = Debug|x64
		{3C4EF34A-7906-46F0-AFC4-6140C489BF3D}.Debug|x64.Build.0 = Debug|x64
		{3C4EF34A-7906-46F0-AFC4-6140C489BF3D}.Debug|x86.ActiveCfg = Debug|Win32
		{3C4EF34A-7906-46F0-AFC4-6140C489BF3D}.Debug|x86.Build.0 = Debug|Win32
		{3C4EF34A-7906-46F0-AFC4-6140C489BF3D}.Release|x64.ActiveCfg = Release|x64
		{3C4EF34A-7906-46F0-AFC4-6140C489BF3D}.Release|x64.Build.0 = Release|x64
		{3C4EF34A-7906-46F0-AFC4-6140C489BF3D}.Release|x86.ActiveCfg = Release|Win32
		{3C4EF34A-7906-46F0-AFC4-6140C489BF3D}.Release|x86.Build.0 = Release|Win32
		{AFD6CB5C-47EE-4623-8AC1-58AEB3F4A062}.Debug|x64.ActiveCfg = Debug|x64
		{AFD6CB5C-47EE-4623-8AC1-58AEB3F4A062}.Debug|x64.Build.0 = Debug|x64
		{AFD6CB5C-47EE-4623-8AC1-58AEB3F4A062}.Debug|x86.ActiveCfg = Debug|Win32
		{AFD6CB5C-47EE-4623-8AC1-58AEB3F4A062}.Debug|x86.Build.0 = Debug|Win32
		{AFD6CB5C-47EE-4623-8AC1-58AEB3F4A062}.Release|x64.ActiveCfg = Release|x64
		{AFD6CB5C-47EE-4623-8AC1-58AEB3F4A062}.Release|x64.Build.0 = Release|x64
		{AFD6CB5C-47EE-4623-8AC1-58AEB3F4A062}.Release|x86.ActiveCfg = Release|Win32
		{AFD6CB5C-47EE-4623-8AC1-58AEB3F4A062}.Release|x86.Build.0 = Release|Win32
		{85D9B201-79F6-46D7-8D14-6738B572A555}.Debug|x64.ActiveCfg = Debug|x64
		{85D9B201-79F6-46D7-8D14-6738B572A555}.Debug|x64.Build.0 = Debug|x64
		{85D9B201-79F6-46D7-8D14-6738B572A555}.Debug|x86.ActiveCfg = Debug|Win32
		{85D9B201-79F6-46D7-8D14-6738B572A555}.Debug|x86.Build.0 = Debug|Win32
		{85D9B201-79F6-46D7-8D14-6738B572A555}.Release|x64.ActiveCfg = Release|x64
		{85D9B201-79F6-46D7-8D14-6738B572A555}.Release|x64.Build.0 = Release|x64
		{85D9B201-79F6-46D7-8D14-6738B572A555}.Release|x86.ActiveCfg = Release|Win32
		{85D9B201-79F6-46D7-8D14-6738B572A555}.Release|x86.Build.0 = Release|Win32
		{E33FD6AF-F79D-495A-B128-1F15EFDE1C98}.Debug|x64.ActiveCfg = Debug|x64
		{E33FD6AF-F79D-495A-B128-1F15EFDE1C98}.Debug|x64.Build.0 = Debug|x64
		{E33FD6AF-F79D-495A-B128-1F15EFDE1C98}.Debug|x86.ActiveCfg = Debug|Win32
		{E33FD6AF-F79D-495A-B128-1F15EFDE1C98}.Debug|x86.Build.0 = Debug|Win32
		{E33FD6AF-F79D-495A-B128-1F15EFDE1C98}.Release|x64.ActiveCfg = Release|x64
		{E33FD6AF-F79D-495A-B128-1F15EFDE1C98}.Release|x64.Build.0 = Release|x64
		{E33FD6AF-F79D-495A-B128-1F15EFDE1C98}.Release|x86.ActiveCfg = Release|Win32
		{E33FD6AF-F79D-495A-B128-1F15EFDE1C98}.Release|x86.Build.0 = Release|Win32
		{241444F3-07AF-4E05-801F-256FBC08519A}.Debug|x64.ActiveCfg = Debug|x64
		{241444F3-07AF-4E05-801F-256FBC08519A}.Debug|x64.Build.0 = Debug|x64
		{241444F3-07AF-4E05-801F-256FBC08519A}.Debug|x86.ActiveCfg = Debug|Win32
		{241444F3-07AF-4E05-801F-256FBC08519A}.Debug|x86.Build.0 = Debug|Win32
		{241444F3-07AF-4E05-801F-256FBC08519A}.Release|x64.ActiveCfg = Release|x64
		{241444F3-07AF-4E05-801F-256FBC08519A}.Release|x64.Build.0 = Release|x64
		{241444F3-07AF-4E05-801F-256FBC08519A}.Release|x86.ActiveCfg = Release|Win32
		{241444F3-07AF-4E05-801F-256FBC08519A}.Release|x86.Build.0 = Release|Win32
		{9B18A2C7-7DCD-4D4A-A254-65D8023CA2A6}.Debug|x64.ActiveCfg = Debug|x64
		{9B18A2C7-7DCD-4D4A-A254-65D8023CA2A6}.Debug|x64.Build.0 = Debug|x64
		{9B18A2C7-7DCD-4D4A-A254-65D8023CA2A6}.Debug|x86.ActiveCfg = Debug|Win32
		{9B18A2C7-7DCD-4D4A-A254-65D8023CA2A6}.Debug|x86.Build.0 = Debug|Win32
		{9B18A2C7-7DCD-4D4A-A254-65D8023CA2A6}.Release|x64.ActiveCfg = Release|x64
		{9B18A2C7-7DCD-4D4A-A254-65D8023CA2A6}.Release|x64.Build.0 = Release|x64
		{9B18A2C7-7DCD-4D4A-A254-65D8023CA2A6}.Release|x86.ActiveCfg = Release|Win32
		{9B18A2C7-7DCD-4D4A-A254-65D8023CA2A6}.Release|x86.Build.0 = Release|Win32
		{F139ECFD-ABBF-4A29-B8D3-DF53006C0391}.Debug|x64.ActiveCfg = Debug|x64
		{F139ECFD-ABBF-4A29-B8D3-DF53006C0391}.Debug|x64.Build.0 = Debug|x64
		{F139ECFD-ABBF-4A29-B8D3-DF53006C0391}.Debug|x86.ActiveCfg = Debug|Win32
		{F139ECFD-ABBF-4A29-B8D3-DF53006C0391}.Debug|x86.Build.0 = Debug|Win32
		{F139ECFD-ABBF-4A29-B8D3-DF53006C0391}.Release|x64.ActiveCfg = Release|x64
		{F139ECFD-ABBF-4A29-B8D3-DF53006C0391}.Release|x64.Build.0 = Release|x64
		{F139ECFD-ABBF-4A29-B8D3-DF53006C0391}.Release|x86.ActiveCfg = Release|Win32
		{F139ECFD-ABBF-4A29-B8D3-DF53006C0391}.Release|x86.Build.0 = Release|Win32
	EndGlobalSection
	GlobalSection(SolutionProperties) = preSolution
		HideSolutionNode = FALSE
	EndGlobalSection
	GlobalSection(ExtensibilityGlobals) = postSolution
		SolutionGuid = {6DA4C1C1-6FC5-4428-8774-697573BE528A}
	EndGlobalSection
EndGlobal
